
Microsoft Visual Studio Solution File, Format Version 12.00
# Visual Studio Version 16
VisualStudioVersion = 16.0.31205.134
MinimumVisualStudioVersion = 10.0.40219.1
Project("{FAE04EC0-301F-11D3-BF4B-00C04F79EFBC}") = "Вариант1", "Вариант1\Вариант1.csproj", "{E085E677-D34D-457C-87D3-8D590D3A903E}"
EndProject
Project("{FAE04EC0-301F-11D3-BF4B-00C04F79EFBC}") = "Вариант2", "Вариант2\Вариант2.csproj", "{E6A14397-542E-429E-BFB6-3C35E61E5E76}"
EndProject
Project("{FAE04EC0-301F-11D3-BF4B-00C04F79EFBC}") = "Вариант3", "Вариант3\Вариант3.csproj", "{3B7193A0-53DA-4ED7-B2D6-3D5BE28FB21B}"
EndProject
Project("{FAE04EC0-301F-11D3-BF4B-00C04F79EFBC}") = "Вариант4", "Вариант4\Вариант4.csproj", "{017A0411-8CCD-477A-8B27-FA57F747345A}"
EndProject
Project("{FAE04EC0-301F-11D3-BF4B-00C04F79EFBC}") = "Вариант5", "Вариант5\Вариант5.csproj", "{6C11DFA5-3DD4-4AF0-B845-7F39108E5DAC}"
EndProject
Global
	GlobalSection(SolutionConfigurationPlatforms) = preSolution
		Debug|Any CPU = Debug|Any CPU
		Release|Any CPU = Release|Any CPU
	EndGlobalSection
	GlobalSection(ProjectConfigurationPlatforms) = postSolution
		{E085E677-D34D-457C-87D3-8D590D3A903E}.Debug|Any CPU.ActiveCfg = Debug|Any CPU
		{E085E677-D34D-457C-87D3-8D590D3A903E}.Debug|Any CPU.Build.0 = Debug|Any CPU
		{E085E677-D34D-457C-87D3-8D590D3A903E}.Release|Any CPU.ActiveCfg = Release|Any CPU
		{E085E677-D34D-457C-87D3-8D590D3A903E}.Release|Any CPU.Build.0 = Release|Any CPU
		{E6A14397-542E-429E-BFB6-3C35E61E5E76}.Debug|Any CPU.ActiveCfg = Debug|Any CPU
		{E6A14397-542E-429E-BFB6-3C35E61E5E76}.Debug|Any CPU.Build.0 = Debug|Any CPU
		{E6A14397-542E-429E-BFB6-3C35E61E5E76}.Release|Any CPU.ActiveCfg = Release|Any CPU
		{E6A14397-542E-429E-BFB6-3C35E61E5E76}.Release|Any CPU.Build.0 = Release|Any CPU
		{3B7193A0-53DA-4ED7-B2D6-3D5BE28FB21B}.Debug|Any CPU.ActiveCfg = Debug|Any CPU
		{3B7193A0-53DA-4ED7-B2D6-3D5BE28FB21B}.Debug|Any CPU.Build.0 = Debug|Any CPU
		{3B7193A0-53DA-4ED7-B2D6-3D5BE28FB21B}.Release|Any CPU.ActiveCfg = Release|Any CPU
		{3B7193A0-53DA-4ED7-B2D6-3D5BE28FB21B}.Release|Any CPU.Build.0 = Release|Any CPU
		{017A0411-8CCD-477A-8B27-FA57F747345A}.Debug|Any CPU.ActiveCfg = Debug|Any CPU
		{017A0411-8CCD-477A-8B27-FA57F747345A}.Debug|Any CPU.Build.0 = Debug|Any CPU
		{017A0411-8CCD-477A-8B27-FA57F747345A}.Release|Any CPU.ActiveCfg = Release|Any CPU
		{017A0411-8CCD-477A-8B27-FA57F747345A}.Release|Any CPU.Build.0 = Release|Any CPU
		{6C11DFA5-3DD4-4AF0-B845-7F39108E5DAC}.Debug|Any CPU.ActiveCfg = Debug|Any CPU
		{6C11DFA5-3DD4-4AF0-B845-7F39108E5DAC}.Debug|Any CPU.Build.0 = Debug|Any CPU
		{6C11DFA5-3DD4-4AF0-B845-7F39108E5DAC}.Release|Any CPU.ActiveCfg = Release|Any CPU
		{6C11DFA5-3DD4-4AF0-B845-7F39108E5DAC}.Release|Any CPU.Build.0 = Release|Any CPU
	EndGlobalSection
	GlobalSection(SolutionProperties) = preSolution
		HideSolutionNode = FALSE
	EndGlobalSection
	GlobalSection(ExtensibilityGlobals) = postSolution
		SolutionGuid = {999386B1-A5F3-40AB-B7EE-4D5A63FFBC83}
	EndGlobalSection
EndGlobal
